
Microsoft Visual Studio Solution File, Format Version 12.00
# Visual Studio Version 16
VisualStudioVersion = 16.0.29201.188
MinimumVisualStudioVersion = 10.0.40219.1
Project("{9A19103F-16F7-4668-BE54-9A1E7A4F7556}") = "StorefrontApi", "StorefrontApi\StorefrontApi.csproj", "{94DD26A8-E2A3-4913-AF5C-BA4E9A5CF7B1}"
EndProject
Project("{FAE04EC0-301F-11D3-BF4B-00C04F79EFBC}") = "StorefrontApiTests", "StorefrontApiTests\StorefrontApiTests.csproj", "{B4F3D570-B97A-4C4F-8C25-4F107C93B17A}"
EndProject
Global
	GlobalSection(SolutionConfigurationPlatforms) = preSolution
		Debug|Any CPU = Debug|Any CPU
		Release|Any CPU = Release|Any CPU
	EndGlobalSection
	GlobalSection(ProjectConfigurationPlatforms) = postSolution
		{94DD26A8-E2A3-4913-AF5C-BA4E9A5CF7B1}.Debug|Any CPU.ActiveCfg = Debug|Any CPU
		{94DD26A8-E2A3-4913-AF5C-BA4E9A5CF7B1}.Debug|Any CPU.Build.0 = Debug|Any CPU
		{94DD26A8-E2A3-4913-AF5C-BA4E9A5CF7B1}.Release|Any CPU.ActiveCfg = Release|Any CPU
		{94DD26A8-E2A3-4913-AF5C-BA4E9A5CF7B1}.Release|Any CPU.Build.0 = Release|Any CPU
		{B4F3D570-B97A-4C4F-8C25-4F107C93B17A}.Debug|Any CPU.ActiveCfg = Debug|Any CPU
		{B4F3D570-B97A-4C4F-8C25-4F107C93B17A}.Debug|Any CPU.Build.0 = Debug|Any CPU
		{B4F3D570-B97A-4C4F-8C25-4F107C93B17A}.Release|Any CPU.ActiveCfg = Release|Any CPU
		{B4F3D570-B97A-4C4F-8C25-4F107C93B17A}.Release|Any CPU.Build.0 = Release|Any CPU
	EndGlobalSection
	GlobalSection(SolutionProperties) = preSolution
		HideSolutionNode = FALSE
	EndGlobalSection
	GlobalSection(ExtensibilityGlobals) = postSolution
		SolutionGuid = {E8754752-0EA1-4FA8-9BE6-516553DC774C}
	EndGlobalSection
EndGlobal
